{
  "name": "heschema-blaze-worker",
  "lockfileVersion": 3,
  "requires": true,
  "packages": {
    "": {
      "name": "heschema-blaze-worker",
      "dependencies": {
        "@sourcemeta/blaze": "*",
        "@sourcemeta/jsonschema": "*"
      }
    },
    "node_modules/@sourcemeta/blaze": {
      "version": "17.2.0",
      "resolved": "https://registry.npmjs.org/@sourcemeta/blaze/-/blaze-17.2.0.tgz",
      "integrity": "sha512-MfYKSDZNUSRF+rKTZ1i/kovaM5zy5Y2G3TAmxuclq8q6xnYlpvqtaa4H7Lb/tkZfwfqPQXQxKM1f9B9ejtd4pQ==",
      "license": "LGPL-3.0-or-later",
      "engines": {
        "node": ">=21.7"
      },
      "funding": {
        "url": "https://github.com/sponsors/sourcemeta"
      }
    },
    "node_modules/@sourcemeta/jsonschema": {
      "version": "17.2.0",
      "resolved": "https://registry.npmjs.org/@sourcemeta/jsonschema/-/jsonschema-17.2.0.tgz",
      "integrity": "sha512-WV9JTU7zfge4HJXR4BGyDXG5jSa3rfsRtzZnUiHVKFX/DveiiKXEmvZahWi+RInRG9D0FKIeb6eAPiUSLr5ThQ==",
      "cpu": [
        "x64",
        "arm64"
      ],
      "license": "AGPL-3.0",
      "os": [
        "darwin",
        "linux",
        "win32"
      ],
      "bin": {
        "jsonschema": "npm/cli.js"
      },
      "engines": {
        "node": ">=16"
      },
      "funding": {
        "url": "https://github.com/sponsors/sourcemeta"
      }
    }
  }
}
